
Microsoft Visual Studio Solution File, Format Version 12.00
# Visual Studio 2015
Project("{FAE04EC0-301F-11D3-BF4B-00C04F79EFBC}") = "VRMultiplayer.CSharp.Plugins", "VRMultiplayer.CSharp.Plugins.csproj", "{BDF41247-25B4-D968-F93A-A618C451A4C7}"
EndProject
Project("{FAE04EC0-301F-11D3-BF4B-00C04F79EFBC}") = "VRMultiplayer.CSharp", "VRMultiplayer.CSharp.csproj", "{617AB03A-0E83-F7CC-B5C1-52634B44E8B3}"
EndProject
Project("{FAE04EC0-301F-11D3-BF4B-00C04F79EFBC}") = "VRMultiplayer.CSharp.Editor", "VRMultiplayer.CSharp.Editor.csproj", "{663A161C-DA8E-1419-5443-5CB70696F48C}"
EndProject
Global
	GlobalSection(SolutionConfigurationPlatforms) = preSolution
		Debug|Any CPU = Debug|Any CPU
		Release|Any CPU = Release|Any CPU
	EndGlobalSection
	GlobalSection(ProjectConfigurationPlatforms) = postSolution
		{BDF41247-25B4-D968-F93A-A618C451A4C7}.Debug|Any CPU.ActiveCfg = Debug|Any CPU
		{BDF41247-25B4-D968-F93A-A618C451A4C7}.Debug|Any CPU.Build.0 = Debug|Any CPU
		{BDF41247-25B4-D968-F93A-A618C451A4C7}.Release|Any CPU.ActiveCfg = Release|Any CPU
		{BDF41247-25B4-D968-F93A-A618C451A4C7}.Release|Any CPU.Build.0 = Release|Any CPU
		{617AB03A-0E83-F7CC-B5C1-52634B44E8B3}.Debug|Any CPU.ActiveCfg = Debug|Any CPU
		{617AB03A-0E83-F7CC-B5C1-52634B44E8B3}.Debug|Any CPU.Build.0 = Debug|Any CPU
		{617AB03A-0E83-F7CC-B5C1-52634B44E8B3}.Release|Any CPU.ActiveCfg = Release|Any CPU
		{617AB03A-0E83-F7CC-B5C1-52634B44E8B3}.Release|Any CPU.Build.0 = Release|Any CPU
		{663A161C-DA8E-1419-5443-5CB70696F48C}.Debug|Any CPU.ActiveCfg = Debug|Any CPU
		{663A161C-DA8E-1419-5443-5CB70696F48C}.Debug|Any CPU.Build.0 = Debug|Any CPU
		{663A161C-DA8E-1419-5443-5CB70696F48C}.Release|Any CPU.ActiveCfg = Release|Any CPU
		{663A161C-DA8E-1419-5443-5CB70696F48C}.Release|Any CPU.Build.0 = Release|Any CPU
	EndGlobalSection
	GlobalSection(SolutionProperties) = preSolution
		HideSolutionNode = FALSE
	EndGlobalSection
EndGlobal
